
Microsoft Visual Studio Solution File, Format Version 12.00
# Visual Studio Version 16
VisualStudioVersion = 16.0.29102.190
MinimumVisualStudioVersion = 10.0.40219.1
Project("{FAE04EC0-301F-11D3-BF4B-00C04F79EFBC}") = "MyFibonacci", "MyFibonacci\MyFibonacci.csproj", "{44ECADD6-9920-4D6C-B48A-8966BF5308BD}"
EndProject
Project("{FAE04EC0-301F-11D3-BF4B-00C04F79EFBC}") = "MyFibonacciTest", "MyFibonacciTest\MyFibonacciTest.csproj", "{5AB57A2A-E846-4EAD-A47C-E466312194E4}"
EndProject
Global
	GlobalSection(SolutionConfigurationPlatforms) = preSolution
		Debug|Any CPU = Debug|Any CPU
		Release|Any CPU = Release|Any CPU
	EndGlobalSection
	GlobalSection(ProjectConfigurationPlatforms) = postSolution
		{44ECADD6-9920-4D6C-B48A-8966BF5308BD}.Debug|Any CPU.ActiveCfg = Debug|Any CPU
		{44ECADD6-9920-4D6C-B48A-8966BF5308BD}.Debug|Any CPU.Build.0 = Debug|Any CPU
		{44ECADD6-9920-4D6C-B48A-8966BF5308BD}.Release|Any CPU.ActiveCfg = Release|Any CPU
		{44ECADD6-9920-4D6C-B48A-8966BF5308BD}.Release|Any CPU.Build.0 = Release|Any CPU
		{5AB57A2A-E846-4EAD-A47C-E466312194E4}.Debug|Any CPU.ActiveCfg = Debug|Any CPU
		{5AB57A2A-E846-4EAD-A47C-E466312194E4}.Debug|Any CPU.Build.0 = Debug|Any CPU
		{5AB57A2A-E846-4EAD-A47C-E466312194E4}.Release|Any CPU.ActiveCfg = Release|Any CPU
		{5AB57A2A-E846-4EAD-A47C-E466312194E4}.Release|Any CPU.Build.0 = Release|Any CPU
	EndGlobalSection
	GlobalSection(SolutionProperties) = preSolution
		HideSolutionNode = FALSE
	EndGlobalSection
	GlobalSection(ExtensibilityGlobals) = postSolution
		SolutionGuid = {25F42B53-EFB5-4BAC-8574-A343575C6BCE}
	EndGlobalSection
EndGlobal
